
Microsoft Visual Studio Solution File, Format Version 12.00
# Visual Studio 2013
VisualStudioVersion = 12.0.30110.0
MinimumVisualStudioVersion = 10.0.40219.1
Project("{FAE04EC0-301F-11D3-BF4B-00C04F79EFBC}") = "RedBearLab.BleMini.Biscuit.WinRt", "RedBearLab.BleMini.Biscuit.WinRt\RedBearLab.BleMini.Biscuit.WinRt.csproj", "{996C10AD-A0D8-436D-9A53-14AD9F71FD47}"
EndProject
Project("{FAE04EC0-301F-11D3-BF4B-00C04F79EFBC}") = "RedBearLab.BleMini.WinStoreTest", "RedBearLab.BleMini.WinStoreTest\RedBearLab.BleMini.WinStoreTest.csproj", "{CDA46F2C-DBE0-4A2A-9821-F83A214416DD}"
EndProject
Global
	GlobalSection(SolutionConfigurationPlatforms) = preSolution
		Debug|Any CPU = Debug|Any CPU
		Debug|ARM = Debug|ARM
		Debug|x64 = Debug|x64
		Debug|x86 = Debug|x86
		Release|Any CPU = Release|Any CPU
		Release|ARM = Release|ARM
		Release|x64 = Release|x64
		Release|x86 = Release|x86
	EndGlobalSection
	GlobalSection(ProjectConfigurationPlatforms) = postSolution
		{996C10AD-A0D8-436D-9A53-14AD9F71FD47}.Debug|Any CPU.ActiveCfg = Debug|Any CPU
		{996C10AD-A0D8-436D-9A53-14AD9F71FD47}.Debug|Any CPU.Build.0 = Debug|Any CPU
		{996C10AD-A0D8-436D-9A53-14AD9F71FD47}.Debug|ARM.ActiveCfg = Debug|ARM
		{996C10AD-A0D8-436D-9A53-14AD9F71FD47}.Debug|ARM.Build.0 = Debug|ARM
		{996C10AD-A0D8-436D-9A53-14AD9F71FD47}.Debug|x64.ActiveCfg = Debug|x64
		{996C10AD-A0D8-436D-9A53-14AD9F71FD47}.Debug|x64.Build.0 = Debug|x64
		{996C10AD-A0D8-436D-9A53-14AD9F71FD47}.Debug|x86.ActiveCfg = Debug|x86
		{996C10AD-A0D8-436D-9A53-14AD9F71FD47}.Debug|x86.Build.0 = Debug|x86
		{996C10AD-A0D8-436D-9A53-14AD9F71FD47}.Release|Any CPU.ActiveCfg = Release|Any CPU
		{996C10AD-A0D8-436D-9A53-14AD9F71FD47}.Release|Any CPU.Build.0 = Release|Any CPU
		{996C10AD-A0D8-436D-9A53-14AD9F71FD47}.Release|ARM.ActiveCfg = Release|ARM
		{996C10AD-A0D8-436D-9A53-14AD9F71FD47}.Release|ARM.Build.0 = Release|ARM
		{996C10AD-A0D8-436D-9A53-14AD9F71FD47}.Release|x64.ActiveCfg = Release|x64
		{996C10AD-A0D8-436D-9A53-14AD9F71FD47}.Release|x64.Build.0 = Release|x64
		{996C10AD-A0D8-436D-9A53-14AD9F71FD47}.Release|x86.ActiveCfg = Release|x86
		{996C10AD-A0D8-436D-9A53-14AD9F71FD47}.Release|x86.Build.0 = Release|x86
		{CDA46F2C-DBE0-4A2A-9821-F83A214416DD}.Debug|Any CPU.ActiveCfg = Debug|Any CPU
		{CDA46F2C-DBE0-4A2A-9821-F83A214416DD}.Debug|Any CPU.Build.0 = Debug|Any CPU
		{CDA46F2C-DBE0-4A2A-9821-F83A214416DD}.Debug|Any CPU.Deploy.0 = Debug|Any CPU
		{CDA46F2C-DBE0-4A2A-9821-F83A214416DD}.Debug|ARM.ActiveCfg = Debug|ARM
		{CDA46F2C-DBE0-4A2A-9821-F83A214416DD}.Debug|ARM.Build.0 = Debug|ARM
		{CDA46F2C-DBE0-4A2A-9821-F83A214416DD}.Debug|ARM.Deploy.0 = Debug|ARM
		{CDA46F2C-DBE0-4A2A-9821-F83A214416DD}.Debug|x64.ActiveCfg = Debug|x64
		{CDA46F2C-DBE0-4A2A-9821-F83A214416DD}.Debug|x64.Build.0 = Debug|x64
		{CDA46F2C-DBE0-4A2A-9821-F83A214416DD}.Debug|x64.Deploy.0 = Debug|x64
		{CDA46F2C-DBE0-4A2A-9821-F83A214416DD}.Debug|x86.ActiveCfg = Debug|x86
		{CDA46F2C-DBE0-4A2A-9821-F83A214416DD}.Debug|x86.Build.0 = Debug|x86
		{CDA46F2C-DBE0-4A2A-9821-F83A214416DD}.Debug|x86.Deploy.0 = Debug|x86
		{CDA46F2C-DBE0-4A2A-9821-F83A214416DD}.Release|Any CPU.ActiveCfg = Release|Any CPU
		{CDA46F2C-DBE0-4A2A-9821-F83A214416DD}.Release|Any CPU.Build.0 = Release|Any CPU
		{CDA46F2C-DBE0-4A2A-9821-F83A214416DD}.Release|Any CPU.Deploy.0 = Release|Any CPU
		{CDA46F2C-DBE0-4A2A-9821-F83A214416DD}.Release|ARM.ActiveCfg = Release|ARM
		{CDA46F2C-DBE0-4A2A-9821-F83A214416DD}.Release|ARM.Build.0 = Release|ARM
		{CDA46F2C-DBE0-4A2A-9821-F83A214416DD}.Release|ARM.Deploy.0 = Release|ARM
		{CDA46F2C-DBE0-4A2A-9821-F83A214416DD}.Release|x64.ActiveCfg = Release|x64
		{CDA46F2C-DBE0-4A2A-9821-F83A214416DD}.Release|x64.Build.0 = Release|x64
		{CDA46F2C-DBE0-4A2A-9821-F83A214416DD}.Release|x64.Deploy.0 = Release|x64
		{CDA46F2C-DBE0-4A2A-9821-F83A214416DD}.Release|x86.ActiveCfg = Release|x86
		{CDA46F2C-DBE0-4A2A-9821-F83A214416DD}.Release|x86.Build.0 = Release|x86
		{CDA46F2C-DBE0-4A2A-9821-F83A214416DD}.Release|x86.Deploy.0 = Release|x86
	EndGlobalSection
	GlobalSection(SolutionProperties) = preSolution
		HideSolutionNode = FALSE
	EndGlobalSection
EndGlobal
